{
  "lockfileVersion": 1,
  "configVersion": 1,
  "workspaces": {
    "": {
      "name": "nyc-data-visualization",
      "dependencies": {
        "@hono/node-server": "^1.19.6",
        "chart.js": "^4.5.1",
        "hono": "^4.10.7",
        "hyparquet": "^1.22.1",
        "postgres": "^3.4.7"
      }
    }
  },
  "packages": {
    "@hono/node-server": [
      "@hono/node-server@1.19.6",
      "",
      {
        "peerDependencies": {
          "hono": "^4"
        }
      },
      "sha512-Shz/KjlIeAhfiuE93NDKVdZ7HdBVLQAfdbaXEaoAVO3ic9ibRSLGIQGkcBbFyuLr+7/1D5ZCINM8B+6IvXeMtw=="
    ],
    "@kurkle/color": [
      "@kurkle/color@0.3.4",
      "",
      {},
      "sha512-M5UknZPHRu3DEDWoipU6sE8PdkZ6Z/S+v4dD+Ke8IaNlpdSQah50lz1KtcFBa2vsdOnwbbnxJwVM4wty6udA5w=="
    ],
    "chart.js": [
      "chart.js@4.5.1",
      "",
      {
        "dependencies": {
          "@kurkle/color": "^0.3.0"
        }
      },
      "sha512-GIjfiT9dbmHRiYi6Nl2yFCq7kkwdkp1W/lp2J99rX0yo9tgJGn3lKQATztIjb5tVtevcBtIdICNWqlq5+E8/Pw=="
    ],
    "hono": [
      "hono@4.10.7",
      "",
      {},
      "sha512-icXIITfw/07Q88nLSkB9aiUrd8rYzSweK681Kjo/TSggaGbOX4RRyxxm71v+3PC8C/j+4rlxGeoTRxQDkaJkUw=="
    ],
    "hyparquet": [
      "hyparquet@1.22.1",
      "",
      {},
      "sha512-7oUPZKLw+07E7GwI/rElhSepxdjBpeS01SA19+1FxYOprTRSffoC9zR2vTZA/0xpMUQ/iZVFfsxI5AhO0omLoQ=="
    ],
    "postgres": [
      "postgres@3.4.7",
      "",
      {},
      "sha512-Jtc2612XINuBjIl/QTWsV5UvE8UHuNblcO3vVADSrKsrc6RqGX6lOW1cEo3CM2v0XG4Nat8nI+YM7/f26VxXLw=="
    ],
  }
}